<Solution>
  <Configurations>
    <Platform Name="arm64" />
    <Platform Name="x64" />
    <Platform Name="x86" />
  </Configurations>
  <Project Path="Reactor.uwp/Reactor.uwp.csproj" />
  <Project Path="tests/Reactor.Core.Tests/Reactor.Core.Tests.csproj" />
  <Project Path="UwpApp/UwpApp.csproj">
    <Platform Solution="*|arm64" Project="arm64" />
    <Platform Solution="*|x64" Project="x64" />
    <Platform Solution="*|x86" Project="x86" />
    <Deploy />
  </Project>
  <!-- 示例：装 NuGet 包而不是引用框架源码。只列 x64（原生桥只有 win-x64）。 -->
  <Project Path="samples/Reactor.Samples/Reactor.Samples.csproj">
    <Platform Solution="*|x64" Project="x64" />
    <Deploy />
  </Project>
</Solution>
